
Microsoft Visual Studio Solution File, Format Version 12.00
# Visual Studio Version 17
VisualStudioVersion = 17.6.33723.286
MinimumVisualStudioVersion = 10.0.40219.1
Project("{FAE04EC0-301F-11D3-BF4B-00C04F79EFBC}") = "Fushion_final", "Fushion_final.csproj", "{388F5D8E-A425-4D64-99CB-7817BF810105}"
EndProject
Global
	GlobalSection(SolutionConfigurationPlatforms) = preSolution
		Debug|Any CPU = Debug|Any CPU
		Release|Any CPU = Release|Any CPU
	EndGlobalSection
	GlobalSection(ProjectConfigurationPlatforms) = postSolution
		{388F5D8E-A425-4D64-99CB-7817BF810105}.Debug|Any CPU.ActiveCfg = Debug|Any CPU
		{388F5D8E-A425-4D64-99CB-7817BF810105}.Debug|Any CPU.Build.0 = Debug|Any CPU
		{388F5D8E-A425-4D64-99CB-7817BF810105}.Release|Any CPU.ActiveCfg = Release|Any CPU
		{388F5D8E-A425-4D64-99CB-7817BF810105}.Release|Any CPU.Build.0 = Release|Any CPU
	EndGlobalSection
	GlobalSection(SolutionProperties) = preSolution
		HideSolutionNode = FALSE
	EndGlobalSection
	GlobalSection(ExtensibilityGlobals) = postSolution
		SolutionGuid = {511D3FE2-444D-4C30-BD39-153E4CA3DF31}
	EndGlobalSection
EndGlobal
